# APM Lock File — do not edit manually
# Generated by install-apm-bundle
schema: https://ssg-ai-backbone.io/schemas/apm-lock/v1
version: "1.1.90"
mode: standard
provider: github-copilot
installed_at: "2026-09-22T13:59:42Z"
updated_at: "2026-09-24T06:15:34Z"
source:
  type: release
  package: ssg-ai-backbone
  archive: ssg-ai-backbone-copilot.tar.gz
  checksum: "sha256:af0b6e138a4eab3b6522445ad54dcc5d4cd66433d0ebf9a79b38bb2ab47a56ec"
