# APM Lock File — do not edit manually
# Generated by install-apm-bundle
schema: https://ssg-ai-backbone.io/schemas/apm-lock/v1
version: "1.1.84"
mode: standard
provider: github-copilot
installed_at: "2026-09-22T13:59:42Z"
updated_at: "2026-09-22T13:59:42Z"
source:
  type: release
  package: ssg-ai-backbone
  archive: modular:core,brownfield-archaeology,delivery,integrations,modernization,sdlc,security,spec,tech-angular,tech-cloud,tech-dotnet,tech-drupal,tech-java,tech-react,tech-vue
  checksum: "sha256:67a4658a28541a99292faeddffb7eeb6ccd2ef63820f0f5c03c1176143e3a3f0"
